
Microsoft Visual Studio Solution File, Format Version 12.00
# Visual Studio Version 17
VisualStudioVersion = 17.4.33110.190
MinimumVisualStudioVersion = 10.0.40219.1
Project("{FAE04EC0-301F-11D3-BF4B-00C04F79EFBC}") = "dijkstra_api", "dijkstra_api.csproj", "{9178A41E-7195-4B51-8BEE-C36F61CA6481}"
EndProject
Global
	GlobalSection(SolutionConfigurationPlatforms) = preSolution
		Debug|Any CPU = Debug|Any CPU
		Release|Any CPU = Release|Any CPU
	EndGlobalSection
	GlobalSection(ProjectConfigurationPlatforms) = postSolution
		{9178A41E-7195-4B51-8BEE-C36F61CA6481}.Debug|Any CPU.ActiveCfg = Debug|Any CPU
		{9178A41E-7195-4B51-8BEE-C36F61CA6481}.Debug|Any CPU.Build.0 = Debug|Any CPU
		{9178A41E-7195-4B51-8BEE-C36F61CA6481}.Release|Any CPU.ActiveCfg = Release|Any CPU
		{9178A41E-7195-4B51-8BEE-C36F61CA6481}.Release|Any CPU.Build.0 = Release|Any CPU
	EndGlobalSection
	GlobalSection(SolutionProperties) = preSolution
		HideSolutionNode = FALSE
	EndGlobalSection
	GlobalSection(ExtensibilityGlobals) = postSolution
		SolutionGuid = {D020C9C4-38AA-434B-8F3B-A92FD09BEDE0}
	EndGlobalSection
EndGlobal
